
Microsoft Visual Studio Solution File, Format Version 12.00
# Visual Studio 15
Project("{FAE04EC0-301F-11D3-BF4B-00C04F79EFBC}") = "Assembly-CSharp", "Assembly-CSharp.csproj", "{911C3948-602D-B61A-E0C9-286EA0ED5D21}"
EndProject
Project("{FAE04EC0-301F-11D3-BF4B-00C04F79EFBC}") = "Assembly-CSharp-Editor", "Assembly-CSharp-Editor.csproj", "{903DDD86-15EB-51CE-403D-EFAFC34AB3B6}"
EndProject
Global
	GlobalSection(SolutionConfigurationPlatforms) = preSolution
		Debug|Any CPU = Debug|Any CPU
		Release|Any CPU = Release|Any CPU
	EndGlobalSection
	GlobalSection(ProjectConfigurationPlatforms) = postSolution
		{911C3948-602D-B61A-E0C9-286EA0ED5D21}.Debug|Any CPU.ActiveCfg = Debug|Any CPU
		{911C3948-602D-B61A-E0C9-286EA0ED5D21}.Debug|Any CPU.Build.0 = Debug|Any CPU
		{911C3948-602D-B61A-E0C9-286EA0ED5D21}.Release|Any CPU.ActiveCfg = Release|Any CPU
		{911C3948-602D-B61A-E0C9-286EA0ED5D21}.Release|Any CPU.Build.0 = Release|Any CPU
		{903DDD86-15EB-51CE-403D-EFAFC34AB3B6}.Debug|Any CPU.ActiveCfg = Debug|Any CPU
		{903DDD86-15EB-51CE-403D-EFAFC34AB3B6}.Debug|Any CPU.Build.0 = Debug|Any CPU
		{903DDD86-15EB-51CE-403D-EFAFC34AB3B6}.Release|Any CPU.ActiveCfg = Release|Any CPU
		{903DDD86-15EB-51CE-403D-EFAFC34AB3B6}.Release|Any CPU.Build.0 = Release|Any CPU
	EndGlobalSection
	GlobalSection(SolutionProperties) = preSolution
		HideSolutionNode = FALSE
	EndGlobalSection
EndGlobal
